
Microsoft Visual Studio Solution File, Format Version 12.00
# Visual Studio Version 16
VisualStudioVersion = 16.0.809.3
MinimumVisualStudioVersion = 10.0.40219.1
Project("{FAE04EC0-301F-11D3-BF4B-00C04F79EFBC}") = "FeedMe.API", "FeedMe.API.csproj", "{7294BFF8-764D-4ED9-8897-E10B175E5888}"
EndProject
Project("{2150E333-8FDC-42A3-9474-1A3956D46DE8}") = "src", "src", "{736A014D-5ED7-45C2-B7EC-0811EBDCB4CB}"
EndProject
Project("{2150E333-8FDC-42A3-9474-1A3956D46DE8}") = "test", "test", "{6355DC82-896D-494D-8E03-B070444000FA}"
EndProject
Project("{2150E333-8FDC-42A3-9474-1A3956D46DE8}") = "Solution Items", "Solution Items", "{4634523A-2C02-4528-954C-0220FE616850}"
	ProjectSection(SolutionItems) = preProject
		..\docker-compose.yml = ..\docker-compose.yml
		..\README.md = ..\README.md
		..\analysis.rulesheet = ..\analysis.rulesheet
	EndProjectSection
EndProject
Project("{FAE04EC0-301F-11D3-BF4B-00C04F79EFBC}") = "FeedMe.Domain", "..\FeedMe.Domain\FeedMe.Domain.csproj", "{AB8CBAC8-98A0-4A9D-8E5D-65ED3C78BCD6}"
EndProject
Project("{FAE04EC0-301F-11D3-BF4B-00C04F79EFBC}") = "FeedMe.Infrastructure", "..\FeedMe.Infrastructure\FeedMe.Infrastructure.csproj", "{01EFE50B-CCA8-4124-A90D-4951A352C601}"
EndProject
Project("{FAE04EC0-301F-11D3-BF4B-00C04F79EFBC}") = "FeedMe.Domain.Tests", "..\FeedMe.Domain.Tests\FeedMe.Domain.Tests.csproj", "{428EF0FD-EC1E-4B0A-9367-CF32B6EA0D43}"
EndProject
Global
	GlobalSection(SolutionConfigurationPlatforms) = preSolution
		Debug|Any CPU = Debug|Any CPU
		Release|Any CPU = Release|Any CPU
	EndGlobalSection
	GlobalSection(ProjectConfigurationPlatforms) = postSolution
		{7294BFF8-764D-4ED9-8897-E10B175E5888}.Debug|Any CPU.ActiveCfg = Debug|Any CPU
		{7294BFF8-764D-4ED9-8897-E10B175E5888}.Debug|Any CPU.Build.0 = Debug|Any CPU
		{7294BFF8-764D-4ED9-8897-E10B175E5888}.Release|Any CPU.ActiveCfg = Release|Any CPU
		{7294BFF8-764D-4ED9-8897-E10B175E5888}.Release|Any CPU.Build.0 = Release|Any CPU
		{AB8CBAC8-98A0-4A9D-8E5D-65ED3C78BCD6}.Debug|Any CPU.ActiveCfg = Debug|Any CPU
		{AB8CBAC8-98A0-4A9D-8E5D-65ED3C78BCD6}.Debug|Any CPU.Build.0 = Debug|Any CPU
		{AB8CBAC8-98A0-4A9D-8E5D-65ED3C78BCD6}.Release|Any CPU.ActiveCfg = Release|Any CPU
		{AB8CBAC8-98A0-4A9D-8E5D-65ED3C78BCD6}.Release|Any CPU.Build.0 = Release|Any CPU
		{01EFE50B-CCA8-4124-A90D-4951A352C601}.Debug|Any CPU.ActiveCfg = Debug|Any CPU
		{01EFE50B-CCA8-4124-A90D-4951A352C601}.Debug|Any CPU.Build.0 = Debug|Any CPU
		{01EFE50B-CCA8-4124-A90D-4951A352C601}.Release|Any CPU.ActiveCfg = Release|Any CPU
		{01EFE50B-CCA8-4124-A90D-4951A352C601}.Release|Any CPU.Build.0 = Release|Any CPU
		{428EF0FD-EC1E-4B0A-9367-CF32B6EA0D43}.Debug|Any CPU.ActiveCfg = Debug|Any CPU
		{428EF0FD-EC1E-4B0A-9367-CF32B6EA0D43}.Debug|Any CPU.Build.0 = Debug|Any CPU
		{428EF0FD-EC1E-4B0A-9367-CF32B6EA0D43}.Release|Any CPU.ActiveCfg = Release|Any CPU
		{428EF0FD-EC1E-4B0A-9367-CF32B6EA0D43}.Release|Any CPU.Build.0 = Release|Any CPU
	EndGlobalSection
	GlobalSection(SolutionProperties) = preSolution
		HideSolutionNode = FALSE
	EndGlobalSection
	GlobalSection(ExtensibilityGlobals) = postSolution
		SolutionGuid = {85B51278-493B-47DF-94E6-2F6FBB6E0937}
	EndGlobalSection
	GlobalSection(NestedProjects) = preSolution
		{7294BFF8-764D-4ED9-8897-E10B175E5888} = {736A014D-5ED7-45C2-B7EC-0811EBDCB4CB}
		{AB8CBAC8-98A0-4A9D-8E5D-65ED3C78BCD6} = {736A014D-5ED7-45C2-B7EC-0811EBDCB4CB}
		{01EFE50B-CCA8-4124-A90D-4951A352C601} = {736A014D-5ED7-45C2-B7EC-0811EBDCB4CB}
		{428EF0FD-EC1E-4B0A-9367-CF32B6EA0D43} = {6355DC82-896D-494D-8E03-B070444000FA}
	EndGlobalSection
	GlobalSection(MonoDevelopProperties) = preSolution
		BaseDirectory = ..
		Policies = $0
		$0.DotNetNamingPolicy = $1
		$1.DirectoryNamespaceAssociation = PrefixedHierarchical
	EndGlobalSection
EndGlobal
